
Microsoft Visual Studio Solution File, Format Version 12.00
# Visual Studio Version 16
VisualStudioVersion = 16.0.28729.10
MinimumVisualStudioVersion = 10.0.40219.1
Project("{FAE04EC0-301F-11D3-BF4B-00C04F79EFBC}") = "ProductosApp", "ProductosApp\ProductosApp.csproj", "{3F5755FD-DCA0-4235-BBE8-286DA43DAA59}"
EndProject
Project("{FAE04EC0-301F-11D3-BF4B-00C04F79EFBC}") = "Domain", "Domain\Domain.csproj", "{66D4B9EA-28C8-426F-8BBF-3408179E2267}"
EndProject
Project("{FAE04EC0-301F-11D3-BF4B-00C04F79EFBC}") = "Infraestructure", "Infraestructure\Infraestructure.csproj", "{2C96EC7B-1863-463A-B871-4B6E58554A09}"
EndProject
Global
	GlobalSection(SolutionConfigurationPlatforms) = preSolution
		Debug|Any CPU = Debug|Any CPU
		Release|Any CPU = Release|Any CPU
	EndGlobalSection
	GlobalSection(ProjectConfigurationPlatforms) = postSolution
		{3F5755FD-DCA0-4235-BBE8-286DA43DAA59}.Debug|Any CPU.ActiveCfg = Debug|Any CPU
		{3F5755FD-DCA0-4235-BBE8-286DA43DAA59}.Debug|Any CPU.Build.0 = Debug|Any CPU
		{3F5755FD-DCA0-4235-BBE8-286DA43DAA59}.Release|Any CPU.ActiveCfg = Release|Any CPU
		{3F5755FD-DCA0-4235-BBE8-286DA43DAA59}.Release|Any CPU.Build.0 = Release|Any CPU
		{66D4B9EA-28C8-426F-8BBF-3408179E2267}.Debug|Any CPU.ActiveCfg = Debug|Any CPU
		{66D4B9EA-28C8-426F-8BBF-3408179E2267}.Debug|Any CPU.Build.0 = Debug|Any CPU
		{66D4B9EA-28C8-426F-8BBF-3408179E2267}.Release|Any CPU.ActiveCfg = Release|Any CPU
		{66D4B9EA-28C8-426F-8BBF-3408179E2267}.Release|Any CPU.Build.0 = Release|Any CPU
		{2C96EC7B-1863-463A-B871-4B6E58554A09}.Debug|Any CPU.ActiveCfg = Debug|Any CPU
		{2C96EC7B-1863-463A-B871-4B6E58554A09}.Debug|Any CPU.Build.0 = Debug|Any CPU
		{2C96EC7B-1863-463A-B871-4B6E58554A09}.Release|Any CPU.ActiveCfg = Release|Any CPU
		{2C96EC7B-1863-463A-B871-4B6E58554A09}.Release|Any CPU.Build.0 = Release|Any CPU
	EndGlobalSection
	GlobalSection(SolutionProperties) = preSolution
		HideSolutionNode = FALSE
	EndGlobalSection
	GlobalSection(ExtensibilityGlobals) = postSolution
		SolutionGuid = {8115F1CA-7FC1-40EC-A879-0519668F02DE}
	EndGlobalSection
EndGlobal
